
Microsoft Visual Studio Solution File, Format Version 12.00
# Visual Studio Version 17
VisualStudioVersion = 17.0.31903.59
MinimumVisualStudioVersion = 10.0.40219.1
Project("{2150E333-8FDC-42A3-9474-1A3956D46DE8}") = "src", "src", "{0BB952A7-3833-44FA-A99C-0D473008E529}"
EndProject
Project("{FAE04EC0-301F-11D3-BF4B-00C04F79EFBC}") = "ArcadeLink.Payments.Api", "src\ArcadeLink.Payments.Api\ArcadeLink.Payments.Api.csproj", "{ADB8BE12-4516-4BEF-89F4-3F695BC5286E}"
EndProject
Global
	GlobalSection(SolutionConfigurationPlatforms) = preSolution
		Debug|Any CPU = Debug|Any CPU
		Release|Any CPU = Release|Any CPU
	EndGlobalSection
	GlobalSection(SolutionProperties) = preSolution
		HideSolutionNode = FALSE
	EndGlobalSection
	GlobalSection(ProjectConfigurationPlatforms) = postSolution
		{ADB8BE12-4516-4BEF-89F4-3F695BC5286E}.Debug|Any CPU.ActiveCfg = Debug|Any CPU
		{ADB8BE12-4516-4BEF-89F4-3F695BC5286E}.Debug|Any CPU.Build.0 = Debug|Any CPU
		{ADB8BE12-4516-4BEF-89F4-3F695BC5286E}.Release|Any CPU.ActiveCfg = Release|Any CPU
		{ADB8BE12-4516-4BEF-89F4-3F695BC5286E}.Release|Any CPU.Build.0 = Release|Any CPU
	EndGlobalSection
	GlobalSection(NestedProjects) = preSolution
		{ADB8BE12-4516-4BEF-89F4-3F695BC5286E} = {0BB952A7-3833-44FA-A99C-0D473008E529}
	EndGlobalSection
EndGlobal
